
Microsoft Visual Studio Solution File, Format Version 12.00
Project("{FAE04EC0-301F-11D3-BF4B-00C04F79EFBC}") = "Alex.YouTube.Joker.Domain", "Alex.YouTube.Joker.Domain\Alex.YouTube.Joker.Domain.csproj", "{0C362EB5-C2A4-485D-9A72-3828B778E9F7}"
EndProject
Project("{FAE04EC0-301F-11D3-BF4B-00C04F79EFBC}") = "Alex.YouTube.Joker.Infrastructure", "Alex.YouTube.Joker.Infrastructure\Alex.YouTube.Joker.Infrastructure.csproj", "{D57C67BF-83CC-4910-BB96-67420C872EB1}"
EndProject
Project("{FAE04EC0-301F-11D3-BF4B-00C04F79EFBC}") = "Alex.YouTube.Joker.Host", "Alex.YouTube.Joker.Host\Alex.YouTube.Joker.Host.csproj", "{72F387E2-BA51-40BB-B48C-9835D1CB8F34}"
EndProject
Global
	GlobalSection(SolutionConfigurationPlatforms) = preSolution
		Debug|Any CPU = Debug|Any CPU
		Release|Any CPU = Release|Any CPU
	EndGlobalSection
	GlobalSection(ProjectConfigurationPlatforms) = postSolution
		{0C362EB5-C2A4-485D-9A72-3828B778E9F7}.Debug|Any CPU.ActiveCfg = Debug|Any CPU
		{0C362EB5-C2A4-485D-9A72-3828B778E9F7}.Debug|Any CPU.Build.0 = Debug|Any CPU
		{0C362EB5-C2A4-485D-9A72-3828B778E9F7}.Release|Any CPU.ActiveCfg = Release|Any CPU
		{0C362EB5-C2A4-485D-9A72-3828B778E9F7}.Release|Any CPU.Build.0 = Release|Any CPU
		{D57C67BF-83CC-4910-BB96-67420C872EB1}.Debug|Any CPU.ActiveCfg = Debug|Any CPU
		{D57C67BF-83CC-4910-BB96-67420C872EB1}.Debug|Any CPU.Build.0 = Debug|Any CPU
		{D57C67BF-83CC-4910-BB96-67420C872EB1}.Release|Any CPU.ActiveCfg = Release|Any CPU
		{D57C67BF-83CC-4910-BB96-67420C872EB1}.Release|Any CPU.Build.0 = Release|Any CPU
		{72F387E2-BA51-40BB-B48C-9835D1CB8F34}.Debug|Any CPU.ActiveCfg = Debug|Any CPU
		{72F387E2-BA51-40BB-B48C-9835D1CB8F34}.Debug|Any CPU.Build.0 = Debug|Any CPU
		{72F387E2-BA51-40BB-B48C-9835D1CB8F34}.Release|Any CPU.ActiveCfg = Release|Any CPU
		{72F387E2-BA51-40BB-B48C-9835D1CB8F34}.Release|Any CPU.Build.0 = Release|Any CPU
	EndGlobalSection
EndGlobal
